
Microsoft Visual Studio Solution File, Format Version 12.00
# Visual Studio Version 17
VisualStudioVersion = 17.8.34309.116
MinimumVisualStudioVersion = 10.0.40219.1
Project("{FAE04EC0-301F-11D3-BF4B-00C04F79EFBC}") = "GreenThumbHT23", "GreenThumbHT23.csproj", "{05A72441-642B-4F4D-BA12-96889B992F2F}"
EndProject
Global
	GlobalSection(SolutionConfigurationPlatforms) = preSolution
		Debug|Any CPU = Debug|Any CPU
		Release|Any CPU = Release|Any CPU
	EndGlobalSection
	GlobalSection(ProjectConfigurationPlatforms) = postSolution
		{05A72441-642B-4F4D-BA12-96889B992F2F}.Debug|Any CPU.ActiveCfg = Debug|Any CPU
		{05A72441-642B-4F4D-BA12-96889B992F2F}.Debug|Any CPU.Build.0 = Debug|Any CPU
		{05A72441-642B-4F4D-BA12-96889B992F2F}.Release|Any CPU.ActiveCfg = Release|Any CPU
		{05A72441-642B-4F4D-BA12-96889B992F2F}.Release|Any CPU.Build.0 = Release|Any CPU
	EndGlobalSection
	GlobalSection(SolutionProperties) = preSolution
		HideSolutionNode = FALSE
	EndGlobalSection
	GlobalSection(ExtensibilityGlobals) = postSolution
		SolutionGuid = {F05DACBF-124A-43AE-993C-6F0386A0B614}
	EndGlobalSection
EndGlobal
